
Microsoft Visual Studio Solution File, Format Version 12.00
# Visual Studio Version 17
VisualStudioVersion = 17.9.34723.18
MinimumVisualStudioVersion = 10.0.40219.1
Project("{888888A0-9F3D-457C-B088-3A5042F75D52}") = "FinBert", "FinBert\FinBert.pyproj", "{118206DB-08CF-4994-A2C1-E2C59F7D43ED}"
EndProject
Global
	GlobalSection(SolutionConfigurationPlatforms) = preSolution
		Debug|Any CPU = Debug|Any CPU
		Release|Any CPU = Release|Any CPU
	EndGlobalSection
	GlobalSection(ProjectConfigurationPlatforms) = postSolution
		{118206DB-08CF-4994-A2C1-E2C59F7D43ED}.Debug|Any CPU.ActiveCfg = Debug|Any CPU
		{118206DB-08CF-4994-A2C1-E2C59F7D43ED}.Release|Any CPU.ActiveCfg = Release|Any CPU
	EndGlobalSection
	GlobalSection(SolutionProperties) = preSolution
		HideSolutionNode = FALSE
	EndGlobalSection
	GlobalSection(ExtensibilityGlobals) = postSolution
		SolutionGuid = {0BEC1F94-AA3E-4D90-9320-B15FE20D9148}
	EndGlobalSection
EndGlobal
